
Microsoft Visual Studio Solution File, Format Version 12.00
# Visual Studio Version 17
VisualStudioVersion = 17.9.34902.65
MinimumVisualStudioVersion = 10.0.40219.1
Project("{FAE04EC0-301F-11D3-BF4B-00C04F79EFBC}") = "Surveys", "Surveys.csproj", "{B1013F12-8A7C-41A8-85DF-6ED6590EEDD1}"
EndProject
Global
	GlobalSection(SolutionConfigurationPlatforms) = preSolution
		Debug|Any CPU = Debug|Any CPU
		Release|Any CPU = Release|Any CPU
	EndGlobalSection
	GlobalSection(ProjectConfigurationPlatforms) = postSolution
		{B1013F12-8A7C-41A8-85DF-6ED6590EEDD1}.Debug|Any CPU.ActiveCfg = Debug|Any CPU
		{B1013F12-8A7C-41A8-85DF-6ED6590EEDD1}.Debug|Any CPU.Build.0 = Debug|Any CPU
		{B1013F12-8A7C-41A8-85DF-6ED6590EEDD1}.Release|Any CPU.ActiveCfg = Release|Any CPU
		{B1013F12-8A7C-41A8-85DF-6ED6590EEDD1}.Release|Any CPU.Build.0 = Release|Any CPU
	EndGlobalSection
	GlobalSection(SolutionProperties) = preSolution
		HideSolutionNode = FALSE
	EndGlobalSection
	GlobalSection(ExtensibilityGlobals) = postSolution
		SolutionGuid = {C1A49418-C2FB-4E99-9FC5-52367CFB8EA6}
	EndGlobalSection
EndGlobal
